// !$*UTF8*$!
{
	archiveVersion = 1;
	classes = {
	};
	objectVersion = 50;
	objects = {

/* Begin PBXBuildFile section */
		B11BB43526B591060061C5F7 /* Profile.swift in Sources */ = {isa = PBXBuildFile; fileRef = B11BB43426B591060061C5F7 /* Profile.swift */; };
		B11BB43826B592050061C5F7 /* ProfileHost.swift in Sources */ = {isa = PBXBuildFile; fileRef = B11BB43726B592050061C5F7 /* ProfileHost.swift */; };
		B11BB43A26B592600061C5F7 /* ProfileSummary.swift in Sources */ = {isa = PBXBuildFile; fileRef = B11BB43926B592600061C5F7 /* ProfileSummary.swift */; };
		B11BB43C26B593860061C5F7 /* HikeBadge.swift in Sources */ = {isa = PBXBuildFile; fileRef = B11BB43B26B593860061C5F7 /* HikeBadge.swift */; };
		B11EF71F26B1C058003FFE64 /* hikeData.json in Resources */ = {isa = PBXBuildFile; fileRef = B11EF71E26B1C058003FFE64 /* hikeData.json */; };
		B11EF72126B1C085003FFE64 /* Hike.swift in Sources */ = {isa = PBXBuildFile; fileRef = B11EF72026B1C085003FFE64 /* Hike.swift */; };
		B11EF72726B1C1DA003FFE64 /* GraphCapsule.swift in Sources */ = {isa = PBXBuildFile; fileRef = B11EF72326B1C1DA003FFE64 /* GraphCapsule.swift */; };
		B11EF72826B1C1DA003FFE64 /* HikeGraph.swift in Sources */ = {isa = PBXBuildFile; fileRef = B11EF72426B1C1DA003FFE64 /* HikeGraph.swift */; };
		B11EF72926B1C1DA003FFE64 /* HikeDetail.swift in Sources */ = {isa = PBXBuildFile; fileRef = B11EF72526B1C1DA003FFE64 /* HikeDetail.swift */; };
		B11EF72A26B1C1DA003FFE64 /* HikeView.swift in Sources */ = {isa = PBXBuildFile; fileRef = B11EF72626B1C1DA003FFE64 /* HikeView.swift */; };
		B11EF72D26B5763A003FFE64 /* CategoryHome.swift in Sources */ = {isa = PBXBuildFile; fileRef = B11EF72C26B5763A003FFE64 /* CategoryHome.swift */; };
		B11EF73126B57EDB003FFE64 /* CategoryRow.swift in Sources */ = {isa = PBXBuildFile; fileRef = B11EF73026B57EDB003FFE64 /* CategoryRow.swift */; };
		B11EF73326B58038003FFE64 /* CategoryItem.swift in Sources */ = {isa = PBXBuildFile; fileRef = B11EF73226B58038003FFE64 /* CategoryItem.swift */; };
		B169E5C426ADB73800C3DDC0 /* FavoriteButton.swift in Sources */ = {isa = PBXBuildFile; fileRef = B169E5C326ADB73800C3DDC0 /* FavoriteButton.swift */; };
		B169E5C826ADBDE000C3DDC0 /* HexagonParameters.swift in Sources */ = {isa = PBXBuildFile; fileRef = B169E5C726ADBDE000C3DDC0 /* HexagonParameters.swift */; };
		B169E5CA26ADBF4300C3DDC0 /* BadgeBackground.swift in Sources */ = {isa = PBXBuildFile; fileRef = B169E5C926ADBF4300C3DDC0 /* BadgeBackground.swift */; };
		B169E5CC26ADCB2D00C3DDC0 /* BadgeSymbol.swift in Sources */ = {isa = PBXBuildFile; fileRef = B169E5CB26ADCB2D00C3DDC0 /* BadgeSymbol.swift */; };
		B169E5CE26ADCD5E00C3DDC0 /* RotatedBadgeSymbol.swift in Sources */ = {isa = PBXBuildFile; fileRef = B169E5CD26ADCD5E00C3DDC0 /* RotatedBadgeSymbol.swift */; };
		B169E5D026ADCDE100C3DDC0 /* Badge.swift in Sources */ = {isa = PBXBuildFile; fileRef = B169E5CF26ADCDE100C3DDC0 /* Badge.swift */; };
		B1CC5F8E26A97CE4005ECF1E /* LandmarksApp.swift in Sources */ = {isa = PBXBuildFile; fileRef = B1CC5F8D26A97CE4005ECF1E /* LandmarksApp.swift */; };
		B1CC5F9026A97CE4005ECF1E /* ContentView.swift in Sources */ = {isa = PBXBuildFile; fileRef = B1CC5F8F26A97CE4005ECF1E /* ContentView.swift */; };
		B1CC5F9226A97CE6005ECF1E /* Assets.xcassets in Resources */ = {isa = PBXBuildFile; fileRef = B1CC5F9126A97CE6005ECF1E /* Assets.xcassets */; };
		B1CC5F9526A97CE6005ECF1E /* Preview Assets.xcassets in Resources */ = {isa = PBXBuildFile; fileRef = B1CC5F9426A97CE6005ECF1E /* Preview Assets.xcassets */; };
		B1CC5F9D26A98302005ECF1E /* CircleImage.swift in Sources */ = {isa = PBXBuildFile; fileRef = B1CC5F9C26A98302005ECF1E /* CircleImage.swift */; };
		B1CC5F9F26A984F9005ECF1E /* MapView.swift in Sources */ = {isa = PBXBuildFile; fileRef = B1CC5F9E26A984F9005ECF1E /* MapView.swift */; };
		B1CC5FA126A9AC47005ECF1E /* landmarkData.json in Resources */ = {isa = PBXBuildFile; fileRef = B1CC5FA026A9AC47005ECF1E /* landmarkData.json */; };
		B1CC5FA326A9ACFC005ECF1E /* Landmark.swift in Sources */ = {isa = PBXBuildFile; fileRef = B1CC5FA226A9ACFC005ECF1E /* Landmark.swift */; };
		B1CC5FA526A9AF2E005ECF1E /* ModelData.swift in Sources */ = {isa = PBXBuildFile; fileRef = B1CC5FA426A9AF2E005ECF1E /* ModelData.swift */; };
		B1CC5FAA26A9B14E005ECF1E /* LandmarkRow.swift in Sources */ = {isa = PBXBuildFile; fileRef = B1CC5FA926A9B14E005ECF1E /* LandmarkRow.swift */; };
		B1CC5FAC26A9B492005ECF1E /* LandmarksList.swift in Sources */ = {isa = PBXBuildFile; fileRef = B1CC5FAB26A9B492005ECF1E /* LandmarksList.swift */; };
		B1CC5FAE26AC6C60005ECF1E /* LandmarkDetail.swift in Sources */ = {isa = PBXBuildFile; fileRef = B1CC5FAD26AC6C60005ECF1E /* LandmarkDetail.swift */; };
/* End PBXBuildFile section */

/* Begin PBXFileReference section */
		B11BB43426B591060061C5F7 /* Profile.swift */ = {isa = PBXFileReference; lastKnownFileType = sourcecode.swift; path = Profile.swift; sourceTree = "<group>"; };
		B11BB43726B592050061C5F7 /* ProfileHost.swift */ = {isa = PBXFileReference; lastKnownFileType = sourcecode.swift; path = ProfileHost.swift; sourceTree = "<group>"; };
		B11BB43926B592600061C5F7 /* ProfileSummary.swift */ = {isa = PBXFileReference; lastKnownFileType = sourcecode.swift; path = ProfileSummary.swift; sourceTree = "<group>"; };
		B11BB43B26B593860061C5F7 /* HikeBadge.swift */ = {isa = PBXFileReference; lastKnownFileType = sourcecode.swift; path = HikeBadge.swift; sourceTree = "<group>"; };
		B11EF71E26B1C058003FFE64 /* hikeData.json */ = {isa = PBXFileReference; fileEncoding = 4; lastKnownFileType = text.json; path = hikeData.json; sourceTree = "<group>"; };
		B11EF72026B1C085003FFE64 /* Hike.swift */ = {isa = PBXFileReference; lastKnownFileType = sourcecode.swift; path = Hike.swift; sourceTree = "<group>"; };
		B11EF72326B1C1DA003FFE64 /* GraphCapsule.swift */ = {isa = PBXFileReference; fileEncoding = 4; lastKnownFileType = sourcecode.swift; path = GraphCapsule.swift; sourceTree = "<group>"; };
		B11EF72426B1C1DA003FFE64 /* HikeGraph.swift */ = {isa = PBXFileReference; fileEncoding = 4; lastKnownFileType = sourcecode.swift; path = HikeGraph.swift; sourceTree = "<group>"; };
		B11EF72526B1C1DA003FFE64 /* HikeDetail.swift */ = {isa = PBXFileReference; fileEncoding = 4; lastKnownFileType = sourcecode.swift; path = HikeDetail.swift; sourceTree = "<group>"; };
		B11EF72626B1C1DA003FFE64 /* HikeView.swift */ = {isa = PBXFileReference; fileEncoding = 4; lastKnownFileType = sourcecode.swift; path = HikeView.swift; sourceTree = "<group>"; };
		B11EF72C26B5763A003FFE64 /* CategoryHome.swift */ = {isa = PBXFileReference; lastKnownFileType = sourcecode.swift; path = CategoryHome.swift; sourceTree = "<group>"; };
		B11EF73026B57EDB003FFE64 /* CategoryRow.swift */ = {isa = PBXFileReference; lastKnownFileType = sourcecode.swift; path = CategoryRow.swift; sourceTree = "<group>"; };
		B11EF73226B58038003FFE64 /* CategoryItem.swift */ = {isa = PBXFileReference; lastKnownFileType = sourcecode.swift; path = CategoryItem.swift; sourceTree = "<group>"; };
		B169E5C326ADB73800C3DDC0 /* FavoriteButton.swift */ = {isa = PBXFileReference; lastKnownFileType = sourcecode.swift; path = FavoriteButton.swift; sourceTree = "<group>"; };
		B169E5C726ADBDE000C3DDC0 /* HexagonParameters.swift */ = {isa = PBXFileReference; lastKnownFileType = sourcecode.swift; path = HexagonParameters.swift; sourceTree = "<group>"; };
		B169E5C926ADBF4300C3DDC0 /* BadgeBackground.swift */ = {isa = PBXFileReference; lastKnownFileType = sourcecode.swift; path = BadgeBackground.swift; sourceTree = "<group>"; };
		B169E5CB26ADCB2D00C3DDC0 /* BadgeSymbol.swift */ = {isa = PBXFileReference; lastKnownFileType = sourcecode.swift; path = BadgeSymbol.swift; sourceTree = "<group>"; };
		B169E5CD26ADCD5E00C3DDC0 /* RotatedBadgeSymbol.swift */ = {isa = PBXFileReference; lastKnownFileType = sourcecode.swift; path = RotatedBadgeSymbol.swift; sourceTree = "<group>"; };
		B169E5CF26ADCDE100C3DDC0 /* Badge.swift */ = {isa = PBXFileReference; lastKnownFileType = sourcecode.swift; path = Badge.swift; sourceTree = "<group>"; };
		B1CC5F8A26A97CE4005ECF1E /* Landmarks.app */ = {isa = PBXFileReference; explicitFileType = wrapper.application; includeInIndex = 0; path = Landmarks.app; sourceTree = BUILT_PRODUCTS_DIR; };
		B1CC5F8D26A97CE4005ECF1E /* LandmarksApp.swift */ = {isa = PBXFileReference; lastKnownFileType = sourcecode.swift; path = LandmarksApp.swift; sourceTree = "<group>"; };
		B1CC5F8F26A97CE4005ECF1E /* ContentView.swift */ = {isa = PBXFileReference; lastKnownFileType = sourcecode.swift; path = ContentView.swift; sourceTree = "<group>"; };
		B1CC5F9126A97CE6005ECF1E /* Assets.xcassets */ = {isa = PBXFileReference; lastKnownFileType = folder.assetcatalog; path = Assets.xcassets; sourceTree = "<group>"; };
		B1CC5F9426A97CE6005ECF1E /* Preview Assets.xcassets */ = {isa = PBXFileReference; lastKnownFileType = folder.assetcatalog; path = "Preview Assets.xcassets"; sourceTree = "<group>"; };
		B1CC5F9626A97CE6005ECF1E /* Info.plist */ = {isa = PBXFileReference; lastKnownFileType = text.plist.xml; path = Info.plist; sourceTree = "<group>"; };
		B1CC5F9C26A98302005ECF1E /* CircleImage.swift */ = {isa = PBXFileReference; lastKnownFileType = sourcecode.swift; path = CircleImage.swift; sourceTree = "<group>"; };
		B1CC5F9E26A984F9005ECF1E /* MapView.swift */ = {isa = PBXFileReference; lastKnownFileType = sourcecode.swift; path = MapView.swift; sourceTree = "<group>"; };
		B1CC5FA026A9AC47005ECF1E /* landmarkData.json */ = {isa = PBXFileReference; fileEncoding = 4; lastKnownFileType = text.json; path = landmarkData.json; sourceTree = "<group>"; };
		B1CC5FA226A9ACFC005ECF1E /* Landmark.swift */ = {isa = PBXFileReference; lastKnownFileType = sourcecode.swift; path = Landmark.swift; sourceTree = "<group>"; };
		B1CC5FA426A9AF2E005ECF1E /* ModelData.swift */ = {isa = PBXFileReference; lastKnownFileType = sourcecode.swift; path = ModelData.swift; sourceTree = "<group>"; };
		B1CC5FA926A9B14E005ECF1E /* LandmarkRow.swift */ = {isa = PBXFileReference; lastKnownFileType = sourcecode.swift; path = LandmarkRow.swift; sourceTree = "<group>"; };
		B1CC5FAB26A9B492005ECF1E /* LandmarksList.swift */ = {isa = PBXFileReference; lastKnownFileType = sourcecode.swift; path = LandmarksList.swift; sourceTree = "<group>"; };
		B1CC5FAD26AC6C60005ECF1E /* LandmarkDetail.swift */ = {isa = PBXFileReference; lastKnownFileType = sourcecode.swift; path = LandmarkDetail.swift; sourceTree = "<group>"; };
/* End PBXFileReference section */

/* Begin PBXFrameworksBuildPhase section */
		B1CC5F8726A97CE4005ECF1E /* Frameworks */ = {
			isa = PBXFrameworksBuildPhase;
			buildActionMask = 2147483647;
			files = (
			);
			runOnlyForDeploymentPostprocessing = 0;
		};
/* End PBXFrameworksBuildPhase section */

/* Begin PBXGroup section */
		B11BB43626B591EB0061C5F7 /* Profiles */ = {
			isa = PBXGroup;
			children = (
				B11BB43726B592050061C5F7 /* ProfileHost.swift */,
				B11BB43926B592600061C5F7 /* ProfileSummary.swift */,
			);
			path = Profiles;
			sourceTree = "<group>";
		};
		B11EF72226B1C1DA003FFE64 /* Hikes */ = {
			isa = PBXGroup;
			children = (
				B11EF72326B1C1DA003FFE64 /* GraphCapsule.swift */,
				B11EF72426B1C1DA003FFE64 /* HikeGraph.swift */,
				B11EF72526B1C1DA003FFE64 /* HikeDetail.swift */,
				B11EF72626B1C1DA003FFE64 /* HikeView.swift */,
				B11BB43B26B593860061C5F7 /* HikeBadge.swift */,
			);
			path = Hikes;
			sourceTree = "<group>";
		};
		B11EF72B26B57617003FFE64 /* Categories */ = {
			isa = PBXGroup;
			children = (
				B11EF72C26B5763A003FFE64 /* CategoryHome.swift */,
				B11EF73026B57EDB003FFE64 /* CategoryRow.swift */,
				B11EF73226B58038003FFE64 /* CategoryItem.swift */,
			);
			path = Categories;
			sourceTree = "<group>";
		};
		B169E5C526ADB7D600C3DDC0 /* Landmarks */ = {
			isa = PBXGroup;
			children = (
				B1CC5FA926A9B14E005ECF1E /* LandmarkRow.swift */,
				B1CC5FAB26A9B492005ECF1E /* LandmarksList.swift */,
				B1CC5FAD26AC6C60005ECF1E /* LandmarkDetail.swift */,
			);
			path = Landmarks;
			sourceTree = "<group>";
		};
		B169E5C626ADB7E300C3DDC0 /* Helpers */ = {
			isa = PBXGroup;
			children = (
				B1CC5F9C26A98302005ECF1E /* CircleImage.swift */,
				B1CC5F9E26A984F9005ECF1E /* MapView.swift */,
				B169E5C326ADB73800C3DDC0 /* FavoriteButton.swift */,
			);
			path = Helpers;
			sourceTree = "<group>";
		};
		B169E5D126ADD6D500C3DDC0 /* Badges */ = {
			isa = PBXGroup;
			children = (
				B169E5C726ADBDE000C3DDC0 /* HexagonParameters.swift */,
				B169E5C926ADBF4300C3DDC0 /* BadgeBackground.swift */,
				B169E5CB26ADCB2D00C3DDC0 /* BadgeSymbol.swift */,
				B169E5CD26ADCD5E00C3DDC0 /* RotatedBadgeSymbol.swift */,
				B169E5CF26ADCDE100C3DDC0 /* Badge.swift */,
			);
			path = Badges;
			sourceTree = "<group>";
		};
		B1CC5F8126A97CE4005ECF1E = {
			isa = PBXGroup;
			children = (
				B1CC5F8C26A97CE4005ECF1E /* Landmarks */,
				B1CC5F8B26A97CE4005ECF1E /* Products */,
			);
			sourceTree = "<group>";
		};
		B1CC5F8B26A97CE4005ECF1E /* Products */ = {
			isa = PBXGroup;
			children = (
				B1CC5F8A26A97CE4005ECF1E /* Landmarks.app */,
			);
			name = Products;
			sourceTree = "<group>";
		};
		B1CC5F8C26A97CE4005ECF1E /* Landmarks */ = {
			isa = PBXGroup;
			children = (
				B1CC5F8D26A97CE4005ECF1E /* LandmarksApp.swift */,
				B1CC5FA626A9B097005ECF1E /* Views */,
				B1CC5FA726A9B0AA005ECF1E /* Model */,
				B1CC5FA826A9B0C0005ECF1E /* Resources */,
				B1CC5F9126A97CE6005ECF1E /* Assets.xcassets */,
				B1CC5F9626A97CE6005ECF1E /* Info.plist */,
				B1CC5F9326A97CE6005ECF1E /* Preview Content */,
			);
			path = Landmarks;
			sourceTree = "<group>";
		};
		B1CC5F9326A97CE6005ECF1E /* Preview Content */ = {
			isa = PBXGroup;
			children = (
				B1CC5F9426A97CE6005ECF1E /* Preview Assets.xcassets */,
			);
			path = "Preview Content";
			sourceTree = "<group>";
		};
		B1CC5FA626A9B097005ECF1E /* Views */ = {
			isa = PBXGroup;
			children = (
				B1CC5F8F26A97CE4005ECF1E /* ContentView.swift */,
				B169E5C526ADB7D600C3DDC0 /* Landmarks */,
				B169E5D126ADD6D500C3DDC0 /* Badges */,
				B169E5C626ADB7E300C3DDC0 /* Helpers */,
				B11EF72226B1C1DA003FFE64 /* Hikes */,
				B11EF72B26B57617003FFE64 /* Categories */,
				B11BB43626B591EB0061C5F7 /* Profiles */,
			);
			path = Views;
			sourceTree = "<group>";
		};
		B1CC5FA726A9B0AA005ECF1E /* Model */ = {
			isa = PBXGroup;
			children = (
				B1CC5FA426A9AF2E005ECF1E /* ModelData.swift */,
				B1CC5FA226A9ACFC005ECF1E /* Landmark.swift */,
				B11EF72026B1C085003FFE64 /* Hike.swift */,
				B11BB43426B591060061C5F7 /* Profile.swift */,
			);
			path = Model;
			sourceTree = "<group>";
		};
		B1CC5FA826A9B0C0005ECF1E /* Resources */ = {
			isa = PBXGroup;
			children = (
				B11EF71E26B1C058003FFE64 /* hikeData.json */,
				B1CC5FA026A9AC47005ECF1E /* landmarkData.json */,
			);
			path = Resources;
			sourceTree = "<group>";
		};
/* End PBXGroup section */

/* Begin PBXNativeTarget section */
		B1CC5F8926A97CE4005ECF1E /* Landmarks */ = {
			isa = PBXNativeTarget;
			buildConfigurationList = B1CC5F9926A97CE6005ECF1E /* Build configuration list for PBXNativeTarget "Landmarks" */;
			buildPhases = (
				B1CC5F8626A97CE4005ECF1E /* Sources */,
				B1CC5F8726A97CE4005ECF1E /* Frameworks */,
				B1CC5F8826A97CE4005ECF1E /* Resources */,
			);
			buildRules = (
			);
			dependencies = (
			);
			name = Landmarks;
			productName = Landmarks;
			productReference = B1CC5F8A26A97CE4005ECF1E /* Landmarks.app */;
			productType = "com.apple.product-type.application";
		};
/* End PBXNativeTarget section */

/* Begin PBXProject section */
		B1CC5F8226A97CE4005ECF1E /* Project object */ = {
			isa = PBXProject;
			attributes = {
				LastSwiftUpdateCheck = 1250;
				LastUpgradeCheck = 1250;
				TargetAttributes = {
					B1CC5F8926A97CE4005ECF1E = {
						CreatedOnToolsVersion = 12.5;
					};
				};
			};
			buildConfigurationList = B1CC5F8526A97CE4005ECF1E /* Build configuration list for PBXProject "Landmarks" */;
			compatibilityVersion = "Xcode 9.3";
			developmentRegion = en;
			hasScannedForEncodings = 0;
			knownRegions = (
				en,
				Base,
			);
			mainGroup = B1CC5F8126A97CE4005ECF1E;
			productRefGroup = B1CC5F8B26A97CE4005ECF1E /* Products */;
			projectDirPath = "";
			projectRoot = "";
			targets = (
				B1CC5F8926A97CE4005ECF1E /* Landmarks */,
			);
		};
/* End PBXProject section */

/* Begin PBXResourcesBuildPhase section */
		B1CC5F8826A97CE4005ECF1E /* Resources */ = {
			isa = PBXResourcesBuildPhase;
			buildActionMask = 2147483647;
			files = (
				B11EF71F26B1C058003FFE64 /* hikeData.json in Resources */,
				B1CC5F9526A97CE6005ECF1E /* Preview Assets.xcassets in Resources */,
				B1CC5F9226A97CE6005ECF1E /* Assets.xcassets in Resources */,
				B1CC5FA126A9AC47005ECF1E /* landmarkData.json in Resources */,
			);
			runOnlyForDeploymentPostprocessing = 0;
		};
/* End PBXResourcesBuildPhase section */

/* Begin PBXSourcesBuildPhase section */
		B1CC5F8626A97CE4005ECF1E /* Sources */ = {
			isa = PBXSourcesBuildPhase;
			buildActionMask = 2147483647;
			files = (
				B11EF73126B57EDB003FFE64 /* CategoryRow.swift in Sources */,
				B11BB43526B591060061C5F7 /* Profile.swift in Sources */,
				B1CC5F9026A97CE4005ECF1E /* ContentView.swift in Sources */,
				B11EF72D26B5763A003FFE64 /* CategoryHome.swift in Sources */,
				B11EF72826B1C1DA003FFE64 /* HikeGraph.swift in Sources */,
				B169E5D026ADCDE100C3DDC0 /* Badge.swift in Sources */,
				B1CC5F9F26A984F9005ECF1E /* MapView.swift in Sources */,
				B11EF72726B1C1DA003FFE64 /* GraphCapsule.swift in Sources */,
				B1CC5F8E26A97CE4005ECF1E /* LandmarksApp.swift in Sources */,
				B169E5C426ADB73800C3DDC0 /* FavoriteButton.swift in Sources */,
				B11EF73326B58038003FFE64 /* CategoryItem.swift in Sources */,
				B11EF72926B1C1DA003FFE64 /* HikeDetail.swift in Sources */,
				B11BB43A26B592600061C5F7 /* ProfileSummary.swift in Sources */,
				B169E5C826ADBDE000C3DDC0 /* HexagonParameters.swift in Sources */,
				B11BB43826B592050061C5F7 /* ProfileHost.swift in Sources */,
				B11EF72126B1C085003FFE64 /* Hike.swift in Sources */,
				B169E5CE26ADCD5E00C3DDC0 /* RotatedBadgeSymbol.swift in Sources */,
				B169E5CC26ADCB2D00C3DDC0 /* BadgeSymbol.swift in Sources */,
				B1CC5F9D26A98302005ECF1E /* CircleImage.swift in Sources */,
				B11EF72A26B1C1DA003FFE64 /* HikeView.swift in Sources */,
				B1CC5FAE26AC6C60005ECF1E /* LandmarkDetail.swift in Sources */,
				B169E5CA26ADBF4300C3DDC0 /* BadgeBackground.swift in Sources */,
				B11BB43C26B593860061C5F7 /* HikeBadge.swift in Sources */,
				B1CC5FA326A9ACFC005ECF1E /* Landmark.swift in Sources */,
				B1CC5FAA26A9B14E005ECF1E /* LandmarkRow.swift in Sources */,
				B1CC5FA526A9AF2E005ECF1E /* ModelData.swift in Sources */,
				B1CC5FAC26A9B492005ECF1E /* LandmarksList.swift in Sources */,
			);
			runOnlyForDeploymentPostprocessing = 0;
		};
/* End PBXSourcesBuildPhase section */

/* Begin XCBuildConfiguration section */
		B1CC5F9726A97CE6005ECF1E /* Debug */ = {
			isa = XCBuildConfiguration;
			buildSettings = {
				ALWAYS_SEARCH_USER_PATHS = NO;
				CLANG_ANALYZER_NONNULL = YES;
				CLANG_ANALYZER_NUMBER_OBJECT_CONVERSION = YES_AGGRESSIVE;
				CLANG_CXX_LANGUAGE_STANDARD = "gnu++14";
				CLANG_CXX_LIBRARY = "libc++";
				CLANG_ENABLE_MODULES = YES;
				CLANG_ENABLE_OBJC_ARC = YES;
				CLANG_ENABLE_OBJC_WEAK = YES;
				CLANG_WARN_BLOCK_CAPTURE_AUTORELEASING = YES;
				CLANG_WARN_BOOL_CONVERSION = YES;
				CLANG_WARN_COMMA = YES;
				CLANG_WARN_CONSTANT_CONVERSION = YES;
				CLANG_WARN_DEPRECATED_OBJC_IMPLEMENTATIONS = YES;
				CLANG_WARN_DIRECT_OBJC_ISA_USAGE = YES_ERROR;
				CLANG_WARN_DOCUMENTATION_COMMENTS = YES;
				CLANG_WARN_EMPTY_BODY = YES;
				CLANG_WARN_ENUM_CONVERSION = YES;
				CLANG_WARN_INFINITE_RECURSION = YES;
				CLANG_WARN_INT_CONVERSION = YES;
				CLANG_WARN_NON_LITERAL_NULL_CONVERSION = YES;
				CLANG_WARN_OBJC_IMPLICIT_RETAIN_SELF = YES;
				CLANG_WARN_OBJC_LITERAL_CONVERSION = YES;
				CLANG_WARN_OBJC_ROOT_CLASS = YES_ERROR;
				CLANG_WARN_QUOTED_INCLUDE_IN_FRAMEWORK_HEADER = YES;
				CLANG_WARN_RANGE_LOOP_ANALYSIS = YES;
				CLANG_WARN_STRICT_PROTOTYPES = YES;
				CLANG_WARN_SUSPICIOUS_MOVE = YES;
				CLANG_WARN_UNGUARDED_AVAILABILITY = YES_AGGRESSIVE;
				CLANG_WARN_UNREACHABLE_CODE = YES;
				CLANG_WARN__DUPLICATE_METHOD_MATCH = YES;
				COPY_PHASE_STRIP = NO;
				DEBUG_INFORMATION_FORMAT = dwarf;
				ENABLE_STRICT_OBJC_MSGSEND = YES;
				ENABLE_TESTABILITY = YES;
				GCC_C_LANGUAGE_STANDARD = gnu11;
				GCC_DYNAMIC_NO_PIC = NO;
				GCC_NO_COMMON_BLOCKS = YES;
				GCC_OPTIMIZATION_LEVEL = 0;
				GCC_PREPROCESSOR_DEFINITIONS = (
					"DEBUG=1",
					"$(inherited)",
				);
				GCC_WARN_64_TO_32_BIT_CONVERSION = YES;
				GCC_WARN_ABOUT_RETURN_TYPE = YES_ERROR;
				GCC_WARN_UNDECLARED_SELECTOR = YES;
				GCC_WARN_UNINITIALIZED_AUTOS = YES_AGGRESSIVE;
				GCC_WARN_UNUSED_FUNCTION = YES;
				GCC_WARN_UNUSED_VARIABLE = YES;
				IPHONEOS_DEPLOYMENT_TARGET = 14.5;
				MTL_ENABLE_DEBUG_INFO = INCLUDE_SOURCE;
				MTL_FAST_MATH = YES;
				ONLY_ACTIVE_ARCH = YES;
				SDKROOT = iphoneos;
				SWIFT_ACTIVE_COMPILATION_CONDITIONS = DEBUG;
				SWIFT_OPTIMIZATION_LEVEL = "-Onone";
			};
			name = Debug;
		};
		B1CC5F9826A97CE6005ECF1E /* Release */ = {
			isa = XCBuildConfiguration;
			buildSettings = {
				ALWAYS_SEARCH_USER_PATHS = NO;
				CLANG_ANALYZER_NONNULL = YES;
				CLANG_ANALYZER_NUMBER_OBJECT_CONVERSION = YES_AGGRESSIVE;
				CLANG_CXX_LANGUAGE_STANDARD = "gnu++14";
				CLANG_CXX_LIBRARY = "libc++";
				CLANG_ENABLE_MODULES = YES;
				CLANG_ENABLE_OBJC_ARC = YES;
				CLANG_ENABLE_OBJC_WEAK = YES;
				CLANG_WARN_BLOCK_CAPTURE_AUTORELEASING = YES;
				CLANG_WARN_BOOL_CONVERSION = YES;
				CLANG_WARN_COMMA = YES;
				CLANG_WARN_CONSTANT_CONVERSION = YES;
				CLANG_WARN_DEPRECATED_OBJC_IMPLEMENTATIONS = YES;
				CLANG_WARN_DIRECT_OBJC_ISA_USAGE = YES_ERROR;
				CLANG_WARN_DOCUMENTATION_COMMENTS = YES;
				CLANG_WARN_EMPTY_BODY = YES;
				CLANG_WARN_ENUM_CONVERSION = YES;
				CLANG_WARN_INFINITE_RECURSION = YES;
				CLANG_WARN_INT_CONVERSION = YES;
				CLANG_WARN_NON_LITERAL_NULL_CONVERSION = YES;
				CLANG_WARN_OBJC_IMPLICIT_RETAIN_SELF = YES;
				CLANG_WARN_OBJC_LITERAL_CONVERSION = YES;
				CLANG_WARN_OBJC_ROOT_CLASS = YES_ERROR;
				CLANG_WARN_QUOTED_INCLUDE_IN_FRAMEWORK_HEADER = YES;
				CLANG_WARN_RANGE_LOOP_ANALYSIS = YES;
				CLANG_WARN_STRICT_PROTOTYPES = YES;
				CLANG_WARN_SUSPICIOUS_MOVE = YES;
				CLANG_WARN_UNGUARDED_AVAILABILITY = YES_AGGRESSIVE;
				CLANG_WARN_UNREACHABLE_CODE = YES;
				CLANG_WARN__DUPLICATE_METHOD_MATCH = YES;
				COPY_PHASE_STRIP = NO;
				DEBUG_INFORMATION_FORMAT = "dwarf-with-dsym";
				ENABLE_NS_ASSERTIONS = NO;
				ENABLE_STRICT_OBJC_MSGSEND = YES;
				GCC_C_LANGUAGE_STANDARD = gnu11;
				GCC_NO_COMMON_BLOCKS = YES;
				GCC_WARN_64_TO_32_BIT_CONVERSION = YES;
				GCC_WARN_ABOUT_RETURN_TYPE = YES_ERROR;
				GCC_WARN_UNDECLARED_SELECTOR = YES;
				GCC_WARN_UNINITIALIZED_AUTOS = YES_AGGRESSIVE;
				GCC_WARN_UNUSED_FUNCTION = YES;
				GCC_WARN_UNUSED_VARIABLE = YES;
				IPHONEOS_DEPLOYMENT_TARGET = 14.5;
				MTL_ENABLE_DEBUG_INFO = NO;
				MTL_FAST_MATH = YES;
				SDKROOT = iphoneos;
				SWIFT_COMPILATION_MODE = wholemodule;
				SWIFT_OPTIMIZATION_LEVEL = "-O";
				VALIDATE_PRODUCT = YES;
			};
			name = Release;
		};
		B1CC5F9A26A97CE6005ECF1E /* Debug */ = {
			isa = XCBuildConfiguration;
			buildSettings = {
				ASSETCATALOG_COMPILER_APPICON_NAME = AppIcon;
				ASSETCATALOG_COMPILER_GLOBAL_ACCENT_COLOR_NAME = AccentColor;
				CODE_SIGN_STYLE = Automatic;
				DEVELOPMENT_ASSET_PATHS = "\"Landmarks/Preview Content\"";
				ENABLE_PREVIEWS = YES;
				INFOPLIST_FILE = Landmarks/Info.plist;
				IPHONEOS_DEPLOYMENT_TARGET = 14.0;
				LD_RUNPATH_SEARCH_PATHS = (
					"$(inherited)",
					"@executable_path/Frameworks",
				);
				PRODUCT_BUNDLE_IDENTIFIER = com.mikhaildudarev.Landmarks;
				PRODUCT_NAME = "$(TARGET_NAME)";
				SWIFT_VERSION = 5.0;
				TARGETED_DEVICE_FAMILY = "1,2";
			};
			name = Debug;
		};
		B1CC5F9B26A97CE6005ECF1E /* Release */ = {
			isa = XCBuildConfiguration;
			buildSettings = {
				ASSETCATALOG_COMPILER_APPICON_NAME = AppIcon;
				ASSETCATALOG_COMPILER_GLOBAL_ACCENT_COLOR_NAME = AccentColor;
				CODE_SIGN_STYLE = Automatic;
				DEVELOPMENT_ASSET_PATHS = "\"Landmarks/Preview Content\"";
				ENABLE_PREVIEWS = YES;
				INFOPLIST_FILE = Landmarks/Info.plist;
				IPHONEOS_DEPLOYMENT_TARGET = 14.0;
				LD_RUNPATH_SEARCH_PATHS = (
					"$(inherited)",
					"@executable_path/Frameworks",
				);
				PRODUCT_BUNDLE_IDENTIFIER = com.mikhaildudarev.Landmarks;
				PRODUCT_NAME = "$(TARGET_NAME)";
				SWIFT_VERSION = 5.0;
				TARGETED_DEVICE_FAMILY = "1,2";
			};
			name = Release;
		};
/* End XCBuildConfiguration section */

/* Begin XCConfigurationList section */
		B1CC5F8526A97CE4005ECF1E /* Build configuration list for PBXProject "Landmarks" */ = {
			isa = XCConfigurationList;
			buildConfigurations = (
				B1CC5F9726A97CE6005ECF1E /* Debug */,
				B1CC5F9826A97CE6005ECF1E /* Release */,
			);
			defaultConfigurationIsVisible = 0;
			defaultConfigurationName = Release;
		};
		B1CC5F9926A97CE6005ECF1E /* Build configuration list for PBXNativeTarget "Landmarks" */ = {
			isa = XCConfigurationList;
			buildConfigurations = (
				B1CC5F9A26A97CE6005ECF1E /* Debug */,
				B1CC5F9B26A97CE6005ECF1E /* Release */,
			);
			defaultConfigurationIsVisible = 0;
			defaultConfigurationName = Release;
		};
/* End XCConfigurationList section */
	};
	rootObject = B1CC5F8226A97CE4005ECF1E /* Project object */;
}
